
Microsoft Visual Studio Solution File, Format Version 12.00
# Visual Studio Express 15 for Windows Desktop
VisualStudioVersion = 15.0.28010.2046
MinimumVisualStudioVersion = 10.0.40219.1
Project("{FAE04EC0-301F-11D3-BF4B-00C04F79EFBC}") = "Entidades", "Entidades\Entidades.csproj", "{545F69F1-9C48-4009-8359-A4AD33BB46E5}"
EndProject
Project("{FAE04EC0-301F-11D3-BF4B-00C04F79EFBC}") = "Consola", "Consola\Consola.csproj", "{29822708-FB39-465B-BA9F-89AD557544F9}"
EndProject
Global
	GlobalSection(SolutionConfigurationPlatforms) = preSolution
		Debug|Any CPU = Debug|Any CPU
		Release|Any CPU = Release|Any CPU
	EndGlobalSection
	GlobalSection(ProjectConfigurationPlatforms) = postSolution
		{545F69F1-9C48-4009-8359-A4AD33BB46E5}.Debug|Any CPU.ActiveCfg = Debug|Any CPU
		{545F69F1-9C48-4009-8359-A4AD33BB46E5}.Debug|Any CPU.Build.0 = Debug|Any CPU
		{545F69F1-9C48-4009-8359-A4AD33BB46E5}.Release|Any CPU.ActiveCfg = Release|Any CPU
		{545F69F1-9C48-4009-8359-A4AD33BB46E5}.Release|Any CPU.Build.0 = Release|Any CPU
		{29822708-FB39-465B-BA9F-89AD557544F9}.Debug|Any CPU.ActiveCfg = Debug|Any CPU
		{29822708-FB39-465B-BA9F-89AD557544F9}.Debug|Any CPU.Build.0 = Debug|Any CPU
		{29822708-FB39-465B-BA9F-89AD557544F9}.Release|Any CPU.ActiveCfg = Release|Any CPU
		{29822708-FB39-465B-BA9F-89AD557544F9}.Release|Any CPU.Build.0 = Release|Any CPU
	EndGlobalSection
	GlobalSection(SolutionProperties) = preSolution
		HideSolutionNode = FALSE
	EndGlobalSection
	GlobalSection(ExtensibilityGlobals) = postSolution
		SolutionGuid = {5AE22FEB-C401-45EB-AB21-7FDAE885EF33}
	EndGlobalSection
EndGlobal
