
Microsoft Visual Studio Solution File, Format Version 12.00
# Visual Studio Express 15 for Windows Desktop
VisualStudioVersion = 15.0.28010.2046
MinimumVisualStudioVersion = 10.0.40219.1
Project("{FAE04EC0-301F-11D3-BF4B-00C04F79EFBC}") = "Entidades", "Entidades\Entidades.csproj", "{4C2C3D08-A4E7-4402-B32B-E41CD89F11A7}"
EndProject
Project("{FAE04EC0-301F-11D3-BF4B-00C04F79EFBC}") = "Consola", "Consola\Consola.csproj", "{A84ABFC2-0A46-4449-9453-73F40FA7B284}"
EndProject
Global
	GlobalSection(SolutionConfigurationPlatforms) = preSolution
		Debug|Any CPU = Debug|Any CPU
		Release|Any CPU = Release|Any CPU
	EndGlobalSection
	GlobalSection(ProjectConfigurationPlatforms) = postSolution
		{4C2C3D08-A4E7-4402-B32B-E41CD89F11A7}.Debug|Any CPU.ActiveCfg = Debug|Any CPU
		{4C2C3D08-A4E7-4402-B32B-E41CD89F11A7}.Debug|Any CPU.Build.0 = Debug|Any CPU
		{4C2C3D08-A4E7-4402-B32B-E41CD89F11A7}.Release|Any CPU.ActiveCfg = Release|Any CPU
		{4C2C3D08-A4E7-4402-B32B-E41CD89F11A7}.Release|Any CPU.Build.0 = Release|Any CPU
		{A84ABFC2-0A46-4449-9453-73F40FA7B284}.Debug|Any CPU.ActiveCfg = Debug|Any CPU
		{A84ABFC2-0A46-4449-9453-73F40FA7B284}.Debug|Any CPU.Build.0 = Debug|Any CPU
		{A84ABFC2-0A46-4449-9453-73F40FA7B284}.Release|Any CPU.ActiveCfg = Release|Any CPU
		{A84ABFC2-0A46-4449-9453-73F40FA7B284}.Release|Any CPU.Build.0 = Release|Any CPU
	EndGlobalSection
	GlobalSection(SolutionProperties) = preSolution
		HideSolutionNode = FALSE
	EndGlobalSection
	GlobalSection(ExtensibilityGlobals) = postSolution
		SolutionGuid = {5417790D-3F0D-4A78-826D-A071C6961FCE}
	EndGlobalSection
EndGlobal
