
Microsoft Visual Studio Solution File, Format Version 12.00
# Visual Studio Express 15 for Windows Desktop
VisualStudioVersion = 15.0.28010.2046
MinimumVisualStudioVersion = 10.0.40219.1
Project("{FAE04EC0-301F-11D3-BF4B-00C04F79EFBC}") = "Entidades", "Entidades\Entidades.csproj", "{D2E0C138-5AB2-45AE-B3C7-C3311D0CEB39}"
EndProject
Project("{FAE04EC0-301F-11D3-BF4B-00C04F79EFBC}") = "Consola", "Consola\Consola.csproj", "{999067A8-D878-4A31-B9B5-66852F8BCE15}"
EndProject
Global
	GlobalSection(SolutionConfigurationPlatforms) = preSolution
		Debug|Any CPU = Debug|Any CPU
		Release|Any CPU = Release|Any CPU
	EndGlobalSection
	GlobalSection(ProjectConfigurationPlatforms) = postSolution
		{D2E0C138-5AB2-45AE-B3C7-C3311D0CEB39}.Debug|Any CPU.ActiveCfg = Debug|Any CPU
		{D2E0C138-5AB2-45AE-B3C7-C3311D0CEB39}.Debug|Any CPU.Build.0 = Debug|Any CPU
		{D2E0C138-5AB2-45AE-B3C7-C3311D0CEB39}.Release|Any CPU.ActiveCfg = Release|Any CPU
		{D2E0C138-5AB2-45AE-B3C7-C3311D0CEB39}.Release|Any CPU.Build.0 = Release|Any CPU
		{999067A8-D878-4A31-B9B5-66852F8BCE15}.Debug|Any CPU.ActiveCfg = Debug|Any CPU
		{999067A8-D878-4A31-B9B5-66852F8BCE15}.Debug|Any CPU.Build.0 = Debug|Any CPU
		{999067A8-D878-4A31-B9B5-66852F8BCE15}.Release|Any CPU.ActiveCfg = Release|Any CPU
		{999067A8-D878-4A31-B9B5-66852F8BCE15}.Release|Any CPU.Build.0 = Release|Any CPU
	EndGlobalSection
	GlobalSection(SolutionProperties) = preSolution
		HideSolutionNode = FALSE
	EndGlobalSection
	GlobalSection(ExtensibilityGlobals) = postSolution
		SolutionGuid = {4B180717-8F24-4EE5-A237-7197B7F8D46A}
	EndGlobalSection
EndGlobal
