
Microsoft Visual Studio Solution File, Format Version 12.00
# Visual Studio Express 15 for Windows Desktop
VisualStudioVersion = 15.0.28010.2046
MinimumVisualStudioVersion = 10.0.40219.1
Project("{FAE04EC0-301F-11D3-BF4B-00C04F79EFBC}") = "Entidades", "Entidades\Entidades.csproj", "{D5905CAD-E18C-4544-ADBA-054916F303EC}"
EndProject
Project("{FAE04EC0-301F-11D3-BF4B-00C04F79EFBC}") = "Consola", "Consola\Consola.csproj", "{60B51730-12E0-4ACC-9A48-C37AACF3D0BF}"
EndProject
Global
	GlobalSection(SolutionConfigurationPlatforms) = preSolution
		Debug|Any CPU = Debug|Any CPU
		Release|Any CPU = Release|Any CPU
	EndGlobalSection
	GlobalSection(ProjectConfigurationPlatforms) = postSolution
		{D5905CAD-E18C-4544-ADBA-054916F303EC}.Debug|Any CPU.ActiveCfg = Debug|Any CPU
		{D5905CAD-E18C-4544-ADBA-054916F303EC}.Debug|Any CPU.Build.0 = Debug|Any CPU
		{D5905CAD-E18C-4544-ADBA-054916F303EC}.Release|Any CPU.ActiveCfg = Release|Any CPU
		{D5905CAD-E18C-4544-ADBA-054916F303EC}.Release|Any CPU.Build.0 = Release|Any CPU
		{60B51730-12E0-4ACC-9A48-C37AACF3D0BF}.Debug|Any CPU.ActiveCfg = Debug|Any CPU
		{60B51730-12E0-4ACC-9A48-C37AACF3D0BF}.Debug|Any CPU.Build.0 = Debug|Any CPU
		{60B51730-12E0-4ACC-9A48-C37AACF3D0BF}.Release|Any CPU.ActiveCfg = Release|Any CPU
		{60B51730-12E0-4ACC-9A48-C37AACF3D0BF}.Release|Any CPU.Build.0 = Release|Any CPU
	EndGlobalSection
	GlobalSection(SolutionProperties) = preSolution
		HideSolutionNode = FALSE
	EndGlobalSection
	GlobalSection(ExtensibilityGlobals) = postSolution
		SolutionGuid = {D42CEBDC-AAD1-4F3B-B3B7-02C537B5C68E}
	EndGlobalSection
EndGlobal
