
Microsoft Visual Studio Solution File, Format Version 12.00
# Visual Studio Express 15 for Windows Desktop
VisualStudioVersion = 15.0.28010.2046
MinimumVisualStudioVersion = 10.0.40219.1
Project("{FAE04EC0-301F-11D3-BF4B-00C04F79EFBC}") = "Entidades", "Entidades\Entidades.csproj", "{7E82FB69-1CCF-4555-AB42-6EE43D002B79}"
EndProject
Project("{FAE04EC0-301F-11D3-BF4B-00C04F79EFBC}") = "Consola", "Consola\Consola.csproj", "{D18D2876-A43D-4355-B764-9698EA4020CE}"
EndProject
Global
	GlobalSection(SolutionConfigurationPlatforms) = preSolution
		Debug|Any CPU = Debug|Any CPU
		Release|Any CPU = Release|Any CPU
	EndGlobalSection
	GlobalSection(ProjectConfigurationPlatforms) = postSolution
		{7E82FB69-1CCF-4555-AB42-6EE43D002B79}.Debug|Any CPU.ActiveCfg = Debug|Any CPU
		{7E82FB69-1CCF-4555-AB42-6EE43D002B79}.Debug|Any CPU.Build.0 = Debug|Any CPU
		{7E82FB69-1CCF-4555-AB42-6EE43D002B79}.Release|Any CPU.ActiveCfg = Release|Any CPU
		{7E82FB69-1CCF-4555-AB42-6EE43D002B79}.Release|Any CPU.Build.0 = Release|Any CPU
		{D18D2876-A43D-4355-B764-9698EA4020CE}.Debug|Any CPU.ActiveCfg = Debug|Any CPU
		{D18D2876-A43D-4355-B764-9698EA4020CE}.Debug|Any CPU.Build.0 = Debug|Any CPU
		{D18D2876-A43D-4355-B764-9698EA4020CE}.Release|Any CPU.ActiveCfg = Release|Any CPU
		{D18D2876-A43D-4355-B764-9698EA4020CE}.Release|Any CPU.Build.0 = Release|Any CPU
	EndGlobalSection
	GlobalSection(SolutionProperties) = preSolution
		HideSolutionNode = FALSE
	EndGlobalSection
	GlobalSection(ExtensibilityGlobals) = postSolution
		SolutionGuid = {F907B33E-865C-4B8B-8888-44B9F0DAF444}
	EndGlobalSection
EndGlobal
