
Microsoft Visual Studio Solution File, Format Version 12.00
# Visual Studio Express 15 for Windows Desktop
VisualStudioVersion = 15.0.28010.2046
MinimumVisualStudioVersion = 10.0.40219.1
Project("{FAE04EC0-301F-11D3-BF4B-00C04F79EFBC}") = "Formulario", "Formulario\Formulario.csproj", "{139CB233-92D3-4AFE-9696-95C34AEAED98}"
EndProject
Global
	GlobalSection(SolutionConfigurationPlatforms) = preSolution
		Debug|Any CPU = Debug|Any CPU
		Release|Any CPU = Release|Any CPU
	EndGlobalSection
	GlobalSection(ProjectConfigurationPlatforms) = postSolution
		{139CB233-92D3-4AFE-9696-95C34AEAED98}.Debug|Any CPU.ActiveCfg = Debug|Any CPU
		{139CB233-92D3-4AFE-9696-95C34AEAED98}.Debug|Any CPU.Build.0 = Debug|Any CPU
		{139CB233-92D3-4AFE-9696-95C34AEAED98}.Release|Any CPU.ActiveCfg = Release|Any CPU
		{139CB233-92D3-4AFE-9696-95C34AEAED98}.Release|Any CPU.Build.0 = Release|Any CPU
	EndGlobalSection
	GlobalSection(SolutionProperties) = preSolution
		HideSolutionNode = FALSE
	EndGlobalSection
	GlobalSection(ExtensibilityGlobals) = postSolution
		SolutionGuid = {E16A03DE-8242-4253-89F2-558BB056D6BF}
	EndGlobalSection
EndGlobal
