
Microsoft Visual Studio Solution File, Format Version 12.00
# Visual Studio Express 15 for Windows Desktop
VisualStudioVersion = 15.0.28010.2046
MinimumVisualStudioVersion = 10.0.40219.1
Project("{FAE04EC0-301F-11D3-BF4B-00C04F79EFBC}") = "Entidades", "Entidades\Entidades.csproj", "{3C6F1CD2-0475-48D3-A4EE-C94743554EE9}"
EndProject
Project("{FAE04EC0-301F-11D3-BF4B-00C04F79EFBC}") = "Consola", "Consola\Consola.csproj", "{E1775942-A245-401F-96D4-E3C2DC48CE7F}"
EndProject
Global
	GlobalSection(SolutionConfigurationPlatforms) = preSolution
		Debug|Any CPU = Debug|Any CPU
		Release|Any CPU = Release|Any CPU
	EndGlobalSection
	GlobalSection(ProjectConfigurationPlatforms) = postSolution
		{3C6F1CD2-0475-48D3-A4EE-C94743554EE9}.Debug|Any CPU.ActiveCfg = Debug|Any CPU
		{3C6F1CD2-0475-48D3-A4EE-C94743554EE9}.Debug|Any CPU.Build.0 = Debug|Any CPU
		{3C6F1CD2-0475-48D3-A4EE-C94743554EE9}.Release|Any CPU.ActiveCfg = Release|Any CPU
		{3C6F1CD2-0475-48D3-A4EE-C94743554EE9}.Release|Any CPU.Build.0 = Release|Any CPU
		{E1775942-A245-401F-96D4-E3C2DC48CE7F}.Debug|Any CPU.ActiveCfg = Debug|Any CPU
		{E1775942-A245-401F-96D4-E3C2DC48CE7F}.Debug|Any CPU.Build.0 = Debug|Any CPU
		{E1775942-A245-401F-96D4-E3C2DC48CE7F}.Release|Any CPU.ActiveCfg = Release|Any CPU
		{E1775942-A245-401F-96D4-E3C2DC48CE7F}.Release|Any CPU.Build.0 = Release|Any CPU
	EndGlobalSection
	GlobalSection(SolutionProperties) = preSolution
		HideSolutionNode = FALSE
	EndGlobalSection
	GlobalSection(ExtensibilityGlobals) = postSolution
		SolutionGuid = {008C8CAC-DC6C-4BD0-A30E-4AAB7BD0DD63}
	EndGlobalSection
EndGlobal
