
Microsoft Visual Studio Solution File, Format Version 12.00
# Visual Studio Express 15 for Windows Desktop
VisualStudioVersion = 15.0.28010.2046
MinimumVisualStudioVersion = 10.0.40219.1
Project("{FAE04EC0-301F-11D3-BF4B-00C04F79EFBC}") = "Formulario", "Formulario\Formulario.csproj", "{AB7FDB42-24EB-4E64-AF50-92B6F42BC71B}"
EndProject
Project("{FAE04EC0-301F-11D3-BF4B-00C04F79EFBC}") = "Entidades", "Entidades\Entidades.csproj", "{7679A099-56B8-4045-BE9E-76981C529B52}"
EndProject
Global
	GlobalSection(SolutionConfigurationPlatforms) = preSolution
		Debug|Any CPU = Debug|Any CPU
		Release|Any CPU = Release|Any CPU
	EndGlobalSection
	GlobalSection(ProjectConfigurationPlatforms) = postSolution
		{AB7FDB42-24EB-4E64-AF50-92B6F42BC71B}.Debug|Any CPU.ActiveCfg = Debug|Any CPU
		{AB7FDB42-24EB-4E64-AF50-92B6F42BC71B}.Debug|Any CPU.Build.0 = Debug|Any CPU
		{AB7FDB42-24EB-4E64-AF50-92B6F42BC71B}.Release|Any CPU.ActiveCfg = Release|Any CPU
		{AB7FDB42-24EB-4E64-AF50-92B6F42BC71B}.Release|Any CPU.Build.0 = Release|Any CPU
		{7679A099-56B8-4045-BE9E-76981C529B52}.Debug|Any CPU.ActiveCfg = Debug|Any CPU
		{7679A099-56B8-4045-BE9E-76981C529B52}.Debug|Any CPU.Build.0 = Debug|Any CPU
		{7679A099-56B8-4045-BE9E-76981C529B52}.Release|Any CPU.ActiveCfg = Release|Any CPU
		{7679A099-56B8-4045-BE9E-76981C529B52}.Release|Any CPU.Build.0 = Release|Any CPU
	EndGlobalSection
	GlobalSection(SolutionProperties) = preSolution
		HideSolutionNode = FALSE
	EndGlobalSection
	GlobalSection(ExtensibilityGlobals) = postSolution
		SolutionGuid = {C6D8ABB3-CF28-4EF7-A370-E7F3AB47F4AE}
	EndGlobalSection
EndGlobal
